
Microsoft Visual Studio Solution File, Format Version 12.00
# Visual Studio 2012
Project("{FAE04EC0-301F-11D3-BF4B-00C04F79EFBC}") = "Programm2", "Programm2\Programm2.csproj", "{906FE96D-A5C9-4BA0-8C3E-6A6E149F412A}"
EndProject
Global
	GlobalSection(SolutionConfigurationPlatforms) = preSolution
		Debug|Any CPU = Debug|Any CPU
		Release|Any CPU = Release|Any CPU
	EndGlobalSection
	GlobalSection(ProjectConfigurationPlatforms) = postSolution
		{906FE96D-A5C9-4BA0-8C3E-6A6E149F412A}.Debug|Any CPU.ActiveCfg = Debug|Any CPU
		{906FE96D-A5C9-4BA0-8C3E-6A6E149F412A}.Debug|Any CPU.Build.0 = Debug|Any CPU
		{906FE96D-A5C9-4BA0-8C3E-6A6E149F412A}.Release|Any CPU.ActiveCfg = Release|Any CPU
		{906FE96D-A5C9-4BA0-8C3E-6A6E149F412A}.Release|Any CPU.Build.0 = Release|Any CPU
	EndGlobalSection
	GlobalSection(SolutionProperties) = preSolution
		HideSolutionNode = FALSE
	EndGlobalSection
EndGlobal
